// !$*UTF8*$!
{
	archiveVersion = 1;
	classes = {
	};
	objectVersion = 46;
	objects = {

/* Begin PBXBuildFile section */
		20107F1318FBB32700641D41 /* Foundation.framework in Frameworks */ = {isa = PBXBuildFile; fileRef = 20107F1218FBB32700641D41 /* Foundation.framework */; };
		20107F1518FBB32700641D41 /* CoreGraphics.framework in Frameworks */ = {isa = PBXBuildFile; fileRef = 20107F1418FBB32700641D41 /* CoreGraphics.framework */; };
		20107F1718FBB32700641D41 /* UIKit.framework in Frameworks */ = {isa = PBXBuildFile; fileRef = 20107F1618FBB32700641D41 /* UIKit.framework */; };
		20107F1D18FBB32700641D41 /* InfoPlist.strings in Resources */ = {isa = PBXBuildFile; fileRef = 20107F1B18FBB32700641D41 /* InfoPlist.strings */; };
		20107F1F18FBB32700641D41 /* main.m in Sources */ = {isa = PBXBuildFile; fileRef = 20107F1E18FBB32700641D41 /* main.m */; };
		20107F2318FBB32700641D41 /* AppDelegate.m in Sources */ = {isa = PBXBuildFile; fileRef = 20107F2218FBB32700641D41 /* AppDelegate.m */; };
		20107F2518FBB32700641D41 /* Images.xcassets in Resources */ = {isa = PBXBuildFile; fileRef = 20107F2418FBB32700641D41 /* Images.xcassets */; };
		20107F2C18FBB32700641D41 /* XCTest.framework in Frameworks */ = {isa = PBXBuildFile; fileRef = 20107F2B18FBB32700641D41 /* XCTest.framework */; };
		20107F2D18FBB32700641D41 /* Foundation.framework in Frameworks */ = {isa = PBXBuildFile; fileRef = 20107F1218FBB32700641D41 /* Foundation.framework */; };
		20107F2E18FBB32700641D41 /* UIKit.framework in Frameworks */ = {isa = PBXBuildFile; fileRef = 20107F1618FBB32700641D41 /* UIKit.framework */; };
		20107F3618FBB32700641D41 /* InfoPlist.strings in Resources */ = {isa = PBXBuildFile; fileRef = 20107F3418FBB32700641D41 /* InfoPlist.strings */; };
		20107F3818FBB32700641D41 /* DemoForPlayerTests.m in Sources */ = {isa = PBXBuildFile; fileRef = 20107F3718FBB32700641D41 /* DemoForPlayerTests.m */; };
		2065D0561904B4FE0056F909 /* VC_root_pad.xib in Resources */ = {isa = PBXBuildFile; fileRef = 2065D0551904B4FE0056F909 /* VC_root_pad.xib */; };
		20707E0F18FD0C4F00C37DE6 /* C_video.m in Sources */ = {isa = PBXBuildFile; fileRef = 20707DFD18FD0C4F00C37DE6 /* C_video.m */; };
		20707E1018FD0C4F00C37DE6 /* V_player.m in Sources */ = {isa = PBXBuildFile; fileRef = 20707DFF18FD0C4F00C37DE6 /* V_player.m */; };
		20707E1118FD0C4F00C37DE6 /* PBJGLProgram.m in Sources */ = {isa = PBXBuildFile; fileRef = 20707E0218FD0C4F00C37DE6 /* PBJGLProgram.m */; };
		20707E1218FD0C4F00C37DE6 /* PBJMediaWriter.m in Sources */ = {isa = PBXBuildFile; fileRef = 20707E0418FD0C4F00C37DE6 /* PBJMediaWriter.m */; };
		20707E1318FD0C4F00C37DE6 /* PBJVision.m in Sources */ = {isa = PBXBuildFile; fileRef = 20707E0618FD0C4F00C37DE6 /* PBJVision.m */; };
		20707E1418FD0C4F00C37DE6 /* PBJVisionUtilities.m in Sources */ = {isa = PBXBuildFile; fileRef = 20707E0818FD0C4F00C37DE6 /* PBJVisionUtilities.m */; };
		20707E1518FD0C4F00C37DE6 /* README.md in Resources */ = {isa = PBXBuildFile; fileRef = 20707E0918FD0C4F00C37DE6 /* README.md */; };
		20707E1818FD0C4F00C37DE6 /* logo.png in Resources */ = {isa = PBXBuildFile; fileRef = 20707E0E18FD0C4F00C37DE6 /* logo.png */; };
		20707E1C18FD0C7200C37DE6 /* VC_root.m in Sources */ = {isa = PBXBuildFile; fileRef = 20707E1A18FD0C7200C37DE6 /* VC_root.m */; };
		20707E1D18FD0C7200C37DE6 /* VC_root.xib in Resources */ = {isa = PBXBuildFile; fileRef = 20707E1B18FD0C7200C37DE6 /* VC_root.xib */; };
		20707E2018FD0E4900C37DE6 /* PBJFocusView.m in Sources */ = {isa = PBXBuildFile; fileRef = 20707E1F18FD0E4900C37DE6 /* PBJFocusView.m */; };
		20707E2218FD139000C37DE6 /* AssetsLibrary.framework in Frameworks */ = {isa = PBXBuildFile; fileRef = 20707E2118FD139000C37DE6 /* AssetsLibrary.framework */; };
		20707E2418FD139D00C37DE6 /* GLKit.framework in Frameworks */ = {isa = PBXBuildFile; fileRef = 20707E2318FD139D00C37DE6 /* GLKit.framework */; };
		20707E2518FD190500C37DE6 /* Shader.fsh in Resources */ = {isa = PBXBuildFile; fileRef = 20707E0B18FD0C4F00C37DE6 /* Shader.fsh */; };
		20707E2618FD190500C37DE6 /* Shader.vsh in Resources */ = {isa = PBXBuildFile; fileRef = 20707E0C18FD0C4F00C37DE6 /* Shader.vsh */; };
		20707E2818FD1B3100C37DE6 /* ImageIO.framework in Frameworks */ = {isa = PBXBuildFile; fileRef = 20707E2718FD1B3100C37DE6 /* ImageIO.framework */; };
		20707E2A18FD1B3900C37DE6 /* CoreVideo.framework in Frameworks */ = {isa = PBXBuildFile; fileRef = 20707E2918FD1B3900C37DE6 /* CoreVideo.framework */; };
		20707E2C18FD1B4200C37DE6 /* MobileCoreServices.framework in Frameworks */ = {isa = PBXBuildFile; fileRef = 20707E2B18FD1B4200C37DE6 /* MobileCoreServices.framework */; };
		20707E2E18FD1B4A00C37DE6 /* CoreMedia.framework in Frameworks */ = {isa = PBXBuildFile; fileRef = 20707E2D18FD1B4A00C37DE6 /* CoreMedia.framework */; };
		20707E3018FD1B5000C37DE6 /* AVFoundation.framework in Frameworks */ = {isa = PBXBuildFile; fileRef = 20707E2F18FD1B5000C37DE6 /* AVFoundation.framework */; };
		20707E4118FD2E9E00C37DE6 /* VC_player.m in Sources */ = {isa = PBXBuildFile; fileRef = 20707E3F18FD2E9E00C37DE6 /* VC_player.m */; };
		20707E4218FD2E9E00C37DE6 /* VC_player.xib in Resources */ = {isa = PBXBuildFile; fileRef = 20707E4018FD2E9E00C37DE6 /* VC_player.xib */; };
		20C7626F18FE8170009BE9CF /* 1.gif in Resources */ = {isa = PBXBuildFile; fileRef = 20C7626E18FE8170009BE9CF /* 1.gif */; };
/* End PBXBuildFile section */

/* Begin PBXContainerItemProxy section */
		20107F2F18FBB32700641D41 /* PBXContainerItemProxy */ = {
			isa = PBXContainerItemProxy;
			containerPortal = 20107F0718FBB32700641D41 /* Project object */;
			proxyType = 1;
			remoteGlobalIDString = 20107F0E18FBB32700641D41;
			remoteInfo = DemoForPlayer;
		};
/* End PBXContainerItemProxy section */

/* Begin PBXFileReference section */
		20107F0F18FBB32700641D41 /* DemoForPlayer.app */ = {isa = PBXFileReference; explicitFileType = wrapper.application; includeInIndex = 0; path = DemoForPlayer.app; sourceTree = BUILT_PRODUCTS_DIR; };
		20107F1218FBB32700641D41 /* Foundation.framework */ = {isa = PBXFileReference; lastKnownFileType = wrapper.framework; name = Foundation.framework; path = System/Library/Frameworks/Foundation.framework; sourceTree = SDKROOT; };
		20107F1418FBB32700641D41 /* CoreGraphics.framework */ = {isa = PBXFileReference; lastKnownFileType = wrapper.framework; name = CoreGraphics.framework; path = System/Library/Frameworks/CoreGraphics.framework; sourceTree = SDKROOT; };
		20107F1618FBB32700641D41 /* UIKit.framework */ = {isa = PBXFileReference; lastKnownFileType = wrapper.framework; name = UIKit.framework; path = System/Library/Frameworks/UIKit.framework; sourceTree = SDKROOT; };
		20107F1A18FBB32700641D41 /* DemoForPlayer-Info.plist */ = {isa = PBXFileReference; lastKnownFileType = text.plist.xml; path = "DemoForPlayer-Info.plist"; sourceTree = "<group>"; };
		20107F1C18FBB32700641D41 /* en */ = {isa = PBXFileReference; lastKnownFileType = text.plist.strings; name = en; path = en.lproj/InfoPlist.strings; sourceTree = "<group>"; };
		20107F1E18FBB32700641D41 /* main.m */ = {isa = PBXFileReference; lastKnownFileType = sourcecode.c.objc; path = main.m; sourceTree = "<group>"; };
		20107F2018FBB32700641D41 /* DemoForPlayer-Prefix.pch */ = {isa = PBXFileReference; lastKnownFileType = sourcecode.c.h; path = "DemoForPlayer-Prefix.pch"; sourceTree = "<group>"; };
		20107F2118FBB32700641D41 /* AppDelegate.h */ = {isa = PBXFileReference; lastKnownFileType = sourcecode.c.h; path = AppDelegate.h; sourceTree = "<group>"; };
		20107F2218FBB32700641D41 /* AppDelegate.m */ = {isa = PBXFileReference; lastKnownFileType = sourcecode.c.objc; path = AppDelegate.m; sourceTree = "<group>"; };
		20107F2418FBB32700641D41 /* Images.xcassets */ = {isa = PBXFileReference; lastKnownFileType = folder.assetcatalog; path = Images.xcassets; sourceTree = "<group>"; };
		20107F2A18FBB32700641D41 /* DemoForPlayerTests.xctest */ = {isa = PBXFileReference; explicitFileType = wrapper.cfbundle; includeInIndex = 0; path = DemoForPlayerTests.xctest; sourceTree = BUILT_PRODUCTS_DIR; };
		20107F2B18FBB32700641D41 /* XCTest.framework */ = {isa = PBXFileReference; lastKnownFileType = wrapper.framework; name = XCTest.framework; path = Library/Frameworks/XCTest.framework; sourceTree = DEVELOPER_DIR; };
		20107F3318FBB32700641D41 /* DemoForPlayerTests-Info.plist */ = {isa = PBXFileReference; lastKnownFileType = text.plist.xml; path = "DemoForPlayerTests-Info.plist"; sourceTree = "<group>"; };
		20107F3518FBB32700641D41 /* en */ = {isa = PBXFileReference; lastKnownFileType = text.plist.strings; name = en; path = en.lproj/InfoPlist.strings; sourceTree = "<group>"; };
		20107F3718FBB32700641D41 /* DemoForPlayerTests.m */ = {isa = PBXFileReference; lastKnownFileType = sourcecode.c.objc; path = DemoForPlayerTests.m; sourceTree = "<group>"; };
		2065D0551904B4FE0056F909 /* VC_root_pad.xib */ = {isa = PBXFileReference; fileEncoding = 4; lastKnownFileType = file.xib; path = VC_root_pad.xib; sourceTree = "<group>"; };
		20707DFC18FD0C4F00C37DE6 /* C_video.h */ = {isa = PBXFileReference; fileEncoding = 4; lastKnownFileType = sourcecode.c.h; path = C_video.h; sourceTree = "<group>"; };
		20707DFD18FD0C4F00C37DE6 /* C_video.m */ = {isa = PBXFileReference; fileEncoding = 4; lastKnownFileType = sourcecode.c.objc; path = C_video.m; sourceTree = "<group>"; };
		20707DFE18FD0C4F00C37DE6 /* V_player.h */ = {isa = PBXFileReference; fileEncoding = 4; lastKnownFileType = sourcecode.c.h; path = V_player.h; sourceTree = "<group>"; };
		20707DFF18FD0C4F00C37DE6 /* V_player.m */ = {isa = PBXFileReference; fileEncoding = 4; lastKnownFileType = sourcecode.c.objc; path = V_player.m; sourceTree = "<group>"; };
		20707E0118FD0C4F00C37DE6 /* PBJGLProgram.h */ = {isa = PBXFileReference; fileEncoding = 4; lastKnownFileType = sourcecode.c.h; path = PBJGLProgram.h; sourceTree = "<group>"; };
		20707E0218FD0C4F00C37DE6 /* PBJGLProgram.m */ = {isa = PBXFileReference; fileEncoding = 4; lastKnownFileType = sourcecode.c.objc; path = PBJGLProgram.m; sourceTree = "<group>"; };
		20707E0318FD0C4F00C37DE6 /* PBJMediaWriter.h */ = {isa = PBXFileReference; fileEncoding = 4; lastKnownFileType = sourcecode.c.h; path = PBJMediaWriter.h; sourceTree = "<group>"; };
		20707E0418FD0C4F00C37DE6 /* PBJMediaWriter.m */ = {isa = PBXFileReference; fileEncoding = 4; lastKnownFileType = sourcecode.c.objc; path = PBJMediaWriter.m; sourceTree = "<group>"; };
		20707E0518FD0C4F00C37DE6 /* PBJVision.h */ = {isa = PBXFileReference; fileEncoding = 4; lastKnownFileType = sourcecode.c.h; path = PBJVision.h; sourceTree = "<group>"; };
		20707E0618FD0C4F00C37DE6 /* PBJVision.m */ = {isa = PBXFileReference; fileEncoding = 4; lastKnownFileType = sourcecode.c.objc; path = PBJVision.m; sourceTree = "<group>"; };
		20707E0718FD0C4F00C37DE6 /* PBJVisionUtilities.h */ = {isa = PBXFileReference; fileEncoding = 4; lastKnownFileType = sourcecode.c.h; path = PBJVisionUtilities.h; sourceTree = "<group>"; };
		20707E0818FD0C4F00C37DE6 /* PBJVisionUtilities.m */ = {isa = PBXFileReference; fileEncoding = 4; lastKnownFileType = sourcecode.c.objc; path = PBJVisionUtilities.m; sourceTree = "<group>"; };
		20707E0918FD0C4F00C37DE6 /* README.md */ = {isa = PBXFileReference; fileEncoding = 4; lastKnownFileType = text; path = README.md; sourceTree = "<group>"; };
		20707E0B18FD0C4F00C37DE6 /* Shader.fsh */ = {isa = PBXFileReference; fileEncoding = 4; lastKnownFileType = sourcecode.glsl; path = Shader.fsh; sourceTree = "<group>"; };
		20707E0C18FD0C4F00C37DE6 /* Shader.vsh */ = {isa = PBXFileReference; fileEncoding = 4; lastKnownFileType = sourcecode.glsl; path = Shader.vsh; sourceTree = "<group>"; };
		20707E0E18FD0C4F00C37DE6 /* logo.png */ = {isa = PBXFileReference; lastKnownFileType = image.png; path = logo.png; sourceTree = "<group>"; };
		20707E1918FD0C7200C37DE6 /* VC_root.h */ = {isa = PBXFileReference; fileEncoding = 4; lastKnownFileType = sourcecode.c.h; path = VC_root.h; sourceTree = "<group>"; };
		20707E1A18FD0C7200C37DE6 /* VC_root.m */ = {isa = PBXFileReference; fileEncoding = 4; lastKnownFileType = sourcecode.c.objc; path = VC_root.m; sourceTree = "<group>"; };
		20707E1B18FD0C7200C37DE6 /* VC_root.xib */ = {isa = PBXFileReference; fileEncoding = 4; lastKnownFileType = file.xib; path = VC_root.xib; sourceTree = "<group>"; };
		20707E1E18FD0E4900C37DE6 /* PBJFocusView.h */ = {isa = PBXFileReference; fileEncoding = 4; lastKnownFileType = sourcecode.c.h; path = PBJFocusView.h; sourceTree = "<group>"; };
		20707E1F18FD0E4900C37DE6 /* PBJFocusView.m */ = {isa = PBXFileReference; fileEncoding = 4; lastKnownFileType = sourcecode.c.objc; path = PBJFocusView.m; sourceTree = "<group>"; };
		20707E2118FD139000C37DE6 /* AssetsLibrary.framework */ = {isa = PBXFileReference; lastKnownFileType = wrapper.framework; name = AssetsLibrary.framework; path = System/Library/Frameworks/AssetsLibrary.framework; sourceTree = SDKROOT; };
		20707E2318FD139D00C37DE6 /* GLKit.framework */ = {isa = PBXFileReference; lastKnownFileType = wrapper.framework; name = GLKit.framework; path = System/Library/Frameworks/GLKit.framework; sourceTree = SDKROOT; };
		20707E2718FD1B3100C37DE6 /* ImageIO.framework */ = {isa = PBXFileReference; lastKnownFileType = wrapper.framework; name = ImageIO.framework; path = System/Library/Frameworks/ImageIO.framework; sourceTree = SDKROOT; };
		20707E2918FD1B3900C37DE6 /* CoreVideo.framework */ = {isa = PBXFileReference; lastKnownFileType = wrapper.framework; name = CoreVideo.framework; path = System/Library/Frameworks/CoreVideo.framework; sourceTree = SDKROOT; };
		20707E2B18FD1B4200C37DE6 /* MobileCoreServices.framework */ = {isa = PBXFileReference; lastKnownFileType = wrapper.framework; name = MobileCoreServices.framework; path = System/Library/Frameworks/MobileCoreServices.framework; sourceTree = SDKROOT; };
		20707E2D18FD1B4A00C37DE6 /* CoreMedia.framework */ = {isa = PBXFileReference; lastKnownFileType = wrapper.framework; name = CoreMedia.framework; path = System/Library/Frameworks/CoreMedia.framework; sourceTree = SDKROOT; };
		20707E2F18FD1B5000C37DE6 /* AVFoundation.framework */ = {isa = PBXFileReference; lastKnownFileType = wrapper.framework; name = AVFoundation.framework; path = System/Library/Frameworks/AVFoundation.framework; sourceTree = SDKROOT; };
		20707E3E18FD2E9E00C37DE6 /* VC_player.h */ = {isa = PBXFileReference; fileEncoding = 4; lastKnownFileType = sourcecode.c.h; path = VC_player.h; sourceTree = "<group>"; };
		20707E3F18FD2E9E00C37DE6 /* VC_player.m */ = {isa = PBXFileReference; fileEncoding = 4; lastKnownFileType = sourcecode.c.objc; path = VC_player.m; sourceTree = "<group>"; };
		20707E4018FD2E9E00C37DE6 /* VC_player.xib */ = {isa = PBXFileReference; fileEncoding = 4; lastKnownFileType = file.xib; path = VC_player.xib; sourceTree = "<group>"; };
		20C7626E18FE8170009BE9CF /* 1.gif */ = {isa = PBXFileReference; lastKnownFileType = image.gif; path = 1.gif; sourceTree = "<group>"; };
/* End PBXFileReference section */

/* Begin PBXFrameworksBuildPhase section */
		20107F0C18FBB32700641D41 /* Frameworks */ = {
			isa = PBXFrameworksBuildPhase;
			buildActionMask = 2147483647;
			files = (
				20707E3018FD1B5000C37DE6 /* AVFoundation.framework in Frameworks */,
				20707E2E18FD1B4A00C37DE6 /* CoreMedia.framework in Frameworks */,
				20707E2C18FD1B4200C37DE6 /* MobileCoreServices.framework in Frameworks */,
				20707E2A18FD1B3900C37DE6 /* CoreVideo.framework in Frameworks */,
				20707E2818FD1B3100C37DE6 /* ImageIO.framework in Frameworks */,
				20707E2418FD139D00C37DE6 /* GLKit.framework in Frameworks */,
				20707E2218FD139000C37DE6 /* AssetsLibrary.framework in Frameworks */,
				20107F1518FBB32700641D41 /* CoreGraphics.framework in Frameworks */,
				20107F1718FBB32700641D41 /* UIKit.framework in Frameworks */,
				20107F1318FBB32700641D41 /* Foundation.framework in Frameworks */,
			);
			runOnlyForDeploymentPostprocessing = 0;
		};
		20107F2718FBB32700641D41 /* Frameworks */ = {
			isa = PBXFrameworksBuildPhase;
			buildActionMask = 2147483647;
			files = (
				20107F2C18FBB32700641D41 /* XCTest.framework in Frameworks */,
				20107F2E18FBB32700641D41 /* UIKit.framework in Frameworks */,
				20107F2D18FBB32700641D41 /* Foundation.framework in Frameworks */,
			);
			runOnlyForDeploymentPostprocessing = 0;
		};
/* End PBXFrameworksBuildPhase section */

/* Begin PBXGroup section */
		20107F0618FBB32700641D41 = {
			isa = PBXGroup;
			children = (
				20707DFB18FD0C4F00C37DE6 /* C_video */,
				20707E0018FD0C4F00C37DE6 /* PBJVision */,
				20707E0D18FD0C4F00C37DE6 /* resource */,
				20107F1818FBB32700641D41 /* DemoForPlayer */,
				20107F3118FBB32700641D41 /* DemoForPlayerTests */,
				20107F1118FBB32700641D41 /* Frameworks */,
				20107F1018FBB32700641D41 /* Products */,
			);
			sourceTree = "<group>";
		};
		20107F1018FBB32700641D41 /* Products */ = {
			isa = PBXGroup;
			children = (
				20107F0F18FBB32700641D41 /* DemoForPlayer.app */,
				20107F2A18FBB32700641D41 /* DemoForPlayerTests.xctest */,
			);
			name = Products;
			sourceTree = "<group>";
		};
		20107F1118FBB32700641D41 /* Frameworks */ = {
			isa = PBXGroup;
			children = (
				20707E2F18FD1B5000C37DE6 /* AVFoundation.framework */,
				20707E2D18FD1B4A00C37DE6 /* CoreMedia.framework */,
				20707E2B18FD1B4200C37DE6 /* MobileCoreServices.framework */,
				20707E2918FD1B3900C37DE6 /* CoreVideo.framework */,
				20707E2718FD1B3100C37DE6 /* ImageIO.framework */,
				20707E2318FD139D00C37DE6 /* GLKit.framework */,
				20707E2118FD139000C37DE6 /* AssetsLibrary.framework */,
				20107F1218FBB32700641D41 /* Foundation.framework */,
				20107F1418FBB32700641D41 /* CoreGraphics.framework */,
				20107F1618FBB32700641D41 /* UIKit.framework */,
				20107F2B18FBB32700641D41 /* XCTest.framework */,
			);
			name = Frameworks;
			sourceTree = "<group>";
		};
		20107F1818FBB32700641D41 /* DemoForPlayer */ = {
			isa = PBXGroup;
			children = (
				20107F2118FBB32700641D41 /* AppDelegate.h */,
				20107F2218FBB32700641D41 /* AppDelegate.m */,
				20707E1918FD0C7200C37DE6 /* VC_root.h */,
				20707E1A18FD0C7200C37DE6 /* VC_root.m */,
				20707E1B18FD0C7200C37DE6 /* VC_root.xib */,
				2065D0551904B4FE0056F909 /* VC_root_pad.xib */,
				20707E3E18FD2E9E00C37DE6 /* VC_player.h */,
				20707E3F18FD2E9E00C37DE6 /* VC_player.m */,
				20707E4018FD2E9E00C37DE6 /* VC_player.xib */,
				20107F2418FBB32700641D41 /* Images.xcassets */,
				20107F1918FBB32700641D41 /* Supporting Files */,
			);
			path = DemoForPlayer;
			sourceTree = "<group>";
		};
		20107F1918FBB32700641D41 /* Supporting Files */ = {
			isa = PBXGroup;
			children = (
				20107F1A18FBB32700641D41 /* DemoForPlayer-Info.plist */,
				20107F1B18FBB32700641D41 /* InfoPlist.strings */,
				20107F1E18FBB32700641D41 /* main.m */,
				20107F2018FBB32700641D41 /* DemoForPlayer-Prefix.pch */,
			);
			name = "Supporting Files";
			sourceTree = "<group>";
		};
		20107F3118FBB32700641D41 /* DemoForPlayerTests */ = {
			isa = PBXGroup;
			children = (
				20107F3718FBB32700641D41 /* DemoForPlayerTests.m */,
				20107F3218FBB32700641D41 /* Supporting Files */,
			);
			path = DemoForPlayerTests;
			sourceTree = "<group>";
		};
		20107F3218FBB32700641D41 /* Supporting Files */ = {
			isa = PBXGroup;
			children = (
				20107F3318FBB32700641D41 /* DemoForPlayerTests-Info.plist */,
				20107F3418FBB32700641D41 /* InfoPlist.strings */,
			);
			name = "Supporting Files";
			sourceTree = "<group>";
		};
		20707DFB18FD0C4F00C37DE6 /* C_video */ = {
			isa = PBXGroup;
			children = (
				20707DFC18FD0C4F00C37DE6 /* C_video.h */,
				20707DFD18FD0C4F00C37DE6 /* C_video.m */,
				20707DFE18FD0C4F00C37DE6 /* V_player.h */,
				20707DFF18FD0C4F00C37DE6 /* V_player.m */,
			);
			path = C_video;
			sourceTree = "<group>";
		};
		20707E0018FD0C4F00C37DE6 /* PBJVision */ = {
			isa = PBXGroup;
			children = (
				20707E1E18FD0E4900C37DE6 /* PBJFocusView.h */,
				20707E1F18FD0E4900C37DE6 /* PBJFocusView.m */,
				20707E0118FD0C4F00C37DE6 /* PBJGLProgram.h */,
				20707E0218FD0C4F00C37DE6 /* PBJGLProgram.m */,
				20707E0318FD0C4F00C37DE6 /* PBJMediaWriter.h */,
				20707E0418FD0C4F00C37DE6 /* PBJMediaWriter.m */,
				20707E0518FD0C4F00C37DE6 /* PBJVision.h */,
				20707E0618FD0C4F00C37DE6 /* PBJVision.m */,
				20707E0718FD0C4F00C37DE6 /* PBJVisionUtilities.h */,
				20707E0818FD0C4F00C37DE6 /* PBJVisionUtilities.m */,
				20707E0918FD0C4F00C37DE6 /* README.md */,
				20707E0A18FD0C4F00C37DE6 /* Shaders */,
			);
			path = PBJVision;
			sourceTree = "<group>";
		};
		20707E0A18FD0C4F00C37DE6 /* Shaders */ = {
			isa = PBXGroup;
			children = (
				20707E0B18FD0C4F00C37DE6 /* Shader.fsh */,
				20707E0C18FD0C4F00C37DE6 /* Shader.vsh */,
			);
			path = Shaders;
			sourceTree = "<group>";
		};
		20707E0D18FD0C4F00C37DE6 /* resource */ = {
			isa = PBXGroup;
			children = (
				20C7626E18FE8170009BE9CF /* 1.gif */,
				20707E0E18FD0C4F00C37DE6 /* logo.png */,
			);
			path = resource;
			sourceTree = "<group>";
		};
/* End PBXGroup section */

/* Begin PBXNativeTarget section */
		20107F0E18FBB32700641D41 /* DemoForPlayer */ = {
			isa = PBXNativeTarget;
			buildConfigurationList = 20107F3B18FBB32700641D41 /* Build configuration list for PBXNativeTarget "DemoForPlayer" */;
			buildPhases = (
				20107F0B18FBB32700641D41 /* Sources */,
				20107F0C18FBB32700641D41 /* Frameworks */,
				20107F0D18FBB32700641D41 /* Resources */,
			);
			buildRules = (
			);
			dependencies = (
			);
			name = DemoForPlayer;
			productName = DemoForPlayer;
			productReference = 20107F0F18FBB32700641D41 /* DemoForPlayer.app */;
			productType = "com.apple.product-type.application";
		};
		20107F2918FBB32700641D41 /* DemoForPlayerTests */ = {
			isa = PBXNativeTarget;
			buildConfigurationList = 20107F3E18FBB32700641D41 /* Build configuration list for PBXNativeTarget "DemoForPlayerTests" */;
			buildPhases = (
				20107F2618FBB32700641D41 /* Sources */,
				20107F2718FBB32700641D41 /* Frameworks */,
				20107F2818FBB32700641D41 /* Resources */,
			);
			buildRules = (
			);
			dependencies = (
				20107F3018FBB32700641D41 /* PBXTargetDependency */,
			);
			name = DemoForPlayerTests;
			productName = DemoForPlayerTests;
			productReference = 20107F2A18FBB32700641D41 /* DemoForPlayerTests.xctest */;
			productType = "com.apple.product-type.bundle.unit-test";
		};
/* End PBXNativeTarget section */

/* Begin PBXProject section */
		20107F0718FBB32700641D41 /* Project object */ = {
			isa = PBXProject;
			attributes = {
				LastUpgradeCheck = 0510;
				ORGANIZATIONNAME = darklinden;
				TargetAttributes = {
					20107F2918FBB32700641D41 = {
						TestTargetID = 20107F0E18FBB32700641D41;
					};
				};
			};
			buildConfigurationList = 20107F0A18FBB32700641D41 /* Build configuration list for PBXProject "DemoForPlayer" */;
			compatibilityVersion = "Xcode 3.2";
			developmentRegion = English;
			hasScannedForEncodings = 0;
			knownRegions = (
				en,
			);
			mainGroup = 20107F0618FBB32700641D41;
			productRefGroup = 20107F1018FBB32700641D41 /* Products */;
			projectDirPath = "";
			projectRoot = "";
			targets = (
				20107F0E18FBB32700641D41 /* DemoForPlayer */,
				20107F2918FBB32700641D41 /* DemoForPlayerTests */,
			);
		};
/* End PBXProject section */

/* Begin PBXResourcesBuildPhase section */
		20107F0D18FBB32700641D41 /* Resources */ = {
			isa = PBXResourcesBuildPhase;
			buildActionMask = 2147483647;
			files = (
				20707E2518FD190500C37DE6 /* Shader.fsh in Resources */,
				20707E2618FD190500C37DE6 /* Shader.vsh in Resources */,
				20707E1D18FD0C7200C37DE6 /* VC_root.xib in Resources */,
				20707E4218FD2E9E00C37DE6 /* VC_player.xib in Resources */,
				20707E1818FD0C4F00C37DE6 /* logo.png in Resources */,
				20707E1518FD0C4F00C37DE6 /* README.md in Resources */,
				2065D0561904B4FE0056F909 /* VC_root_pad.xib in Resources */,
				20C7626F18FE8170009BE9CF /* 1.gif in Resources */,
				20107F1D18FBB32700641D41 /* InfoPlist.strings in Resources */,
				20107F2518FBB32700641D41 /* Images.xcassets in Resources */,
			);
			runOnlyForDeploymentPostprocessing = 0;
		};
		20107F2818FBB32700641D41 /* Resources */ = {
			isa = PBXResourcesBuildPhase;
			buildActionMask = 2147483647;
			files = (
				20107F3618FBB32700641D41 /* InfoPlist.strings in Resources */,
			);
			runOnlyForDeploymentPostprocessing = 0;
		};
/* End PBXResourcesBuildPhase section */

/* Begin PBXSourcesBuildPhase section */
		20107F0B18FBB32700641D41 /* Sources */ = {
			isa = PBXSourcesBuildPhase;
			buildActionMask = 2147483647;
			files = (
				20707E1218FD0C4F00C37DE6 /* PBJMediaWriter.m in Sources */,
				20707E4118FD2E9E00C37DE6 /* VC_player.m in Sources */,
				20707E1118FD0C4F00C37DE6 /* PBJGLProgram.m in Sources */,
				20107F2318FBB32700641D41 /* AppDelegate.m in Sources */,
				20707E2018FD0E4900C37DE6 /* PBJFocusView.m in Sources */,
				20107F1F18FBB32700641D41 /* main.m in Sources */,
				20707E0F18FD0C4F00C37DE6 /* C_video.m in Sources */,
				20707E1C18FD0C7200C37DE6 /* VC_root.m in Sources */,
				20707E1018FD0C4F00C37DE6 /* V_player.m in Sources */,
				20707E1318FD0C4F00C37DE6 /* PBJVision.m in Sources */,
				20707E1418FD0C4F00C37DE6 /* PBJVisionUtilities.m in Sources */,
			);
			runOnlyForDeploymentPostprocessing = 0;
		};
		20107F2618FBB32700641D41 /* Sources */ = {
			isa = PBXSourcesBuildPhase;
			buildActionMask = 2147483647;
			files = (
				20107F3818FBB32700641D41 /* DemoForPlayerTests.m in Sources */,
			);
			runOnlyForDeploymentPostprocessing = 0;
		};
/* End PBXSourcesBuildPhase section */

/* Begin PBXTargetDependency section */
		20107F3018FBB32700641D41 /* PBXTargetDependency */ = {
			isa = PBXTargetDependency;
			target = 20107F0E18FBB32700641D41 /* DemoForPlayer */;
			targetProxy = 20107F2F18FBB32700641D41 /* PBXContainerItemProxy */;
		};
/* End PBXTargetDependency section */

/* Begin PBXVariantGroup section */
		20107F1B18FBB32700641D41 /* InfoPlist.strings */ = {
			isa = PBXVariantGroup;
			children = (
				20107F1C18FBB32700641D41 /* en */,
			);
			name = InfoPlist.strings;
			sourceTree = "<group>";
		};
		20107F3418FBB32700641D41 /* InfoPlist.strings */ = {
			isa = PBXVariantGroup;
			children = (
				20107F3518FBB32700641D41 /* en */,
			);
			name = InfoPlist.strings;
			sourceTree = "<group>";
		};
/* End PBXVariantGroup section */

/* Begin XCBuildConfiguration section */
		20107F3918FBB32700641D41 /* Debug */ = {
			isa = XCBuildConfiguration;
			buildSettings = {
				ALWAYS_SEARCH_USER_PATHS = NO;
				CLANG_CXX_LANGUAGE_STANDARD = "gnu++0x";
				CLANG_CXX_LIBRARY = "libc++";
				CLANG_ENABLE_MODULES = YES;
				CLANG_ENABLE_OBJC_ARC = YES;
				CLANG_WARN_BOOL_CONVERSION = YES;
				CLANG_WARN_CONSTANT_CONVERSION = YES;
				CLANG_WARN_DIRECT_OBJC_ISA_USAGE = YES_ERROR;
				CLANG_WARN_EMPTY_BODY = YES;
				CLANG_WARN_ENUM_CONVERSION = YES;
				CLANG_WARN_INT_CONVERSION = YES;
				CLANG_WARN_OBJC_ROOT_CLASS = YES_ERROR;
				CLANG_WARN__DUPLICATE_METHOD_MATCH = YES;
				"CODE_SIGN_IDENTITY[sdk=iphoneos*]" = "iPhone Developer";
				COPY_PHASE_STRIP = NO;
				GCC_C_LANGUAGE_STANDARD = gnu99;
				GCC_DYNAMIC_NO_PIC = NO;
				GCC_OPTIMIZATION_LEVEL = 0;
				GCC_PREPROCESSOR_DEFINITIONS = (
					"DEBUG=1",
					"$(inherited)",
				);
				GCC_SYMBOLS_PRIVATE_EXTERN = NO;
				GCC_WARN_64_TO_32_BIT_CONVERSION = YES;
				GCC_WARN_ABOUT_RETURN_TYPE = YES_ERROR;
				GCC_WARN_UNDECLARED_SELECTOR = YES;
				GCC_WARN_UNINITIALIZED_AUTOS = YES;
				GCC_WARN_UNUSED_FUNCTION = YES;
				GCC_WARN_UNUSED_VARIABLE = YES;
				IPHONEOS_DEPLOYMENT_TARGET = 7.0;
				ONLY_ACTIVE_ARCH = YES;
				SDKROOT = iphoneos;
				TARGETED_DEVICE_FAMILY = "1,2";
			};
			name = Debug;
		};
		20107F3A18FBB32700641D41 /* Release */ = {
			isa = XCBuildConfiguration;
			buildSettings = {
				ALWAYS_SEARCH_USER_PATHS = NO;
				CLANG_CXX_LANGUAGE_STANDARD = "gnu++0x";
				CLANG_CXX_LIBRARY = "libc++";
				CLANG_ENABLE_MODULES = YES;
				CLANG_ENABLE_OBJC_ARC = YES;
				CLANG_WARN_BOOL_CONVERSION = YES;
				CLANG_WARN_CONSTANT_CONVERSION = YES;
				CLANG_WARN_DIRECT_OBJC_ISA_USAGE = YES_ERROR;
				CLANG_WARN_EMPTY_BODY = YES;
				CLANG_WARN_ENUM_CONVERSION = YES;
				CLANG_WARN_INT_CONVERSION = YES;
				CLANG_WARN_OBJC_ROOT_CLASS = YES_ERROR;
				CLANG_WARN__DUPLICATE_METHOD_MATCH = YES;
				"CODE_SIGN_IDENTITY[sdk=iphoneos*]" = "iPhone Developer";
				COPY_PHASE_STRIP = YES;
				ENABLE_NS_ASSERTIONS = NO;
				GCC_C_LANGUAGE_STANDARD = gnu99;
				GCC_WARN_64_TO_32_BIT_CONVERSION = YES;
				GCC_WARN_ABOUT_RETURN_TYPE = YES_ERROR;
				GCC_WARN_UNDECLARED_SELECTOR = YES;
				GCC_WARN_UNINITIALIZED_AUTOS = YES;
				GCC_WARN_UNUSED_FUNCTION = YES;
				GCC_WARN_UNUSED_VARIABLE = YES;
				IPHONEOS_DEPLOYMENT_TARGET = 7.0;
				SDKROOT = iphoneos;
				TARGETED_DEVICE_FAMILY = "1,2";
				VALIDATE_PRODUCT = YES;
			};
			name = Release;
		};
		20107F3C18FBB32700641D41 /* Debug */ = {
			isa = XCBuildConfiguration;
			buildSettings = {
				ASSETCATALOG_COMPILER_APPICON_NAME = AppIcon;
				ASSETCATALOG_COMPILER_LAUNCHIMAGE_NAME = LaunchImage;
				GCC_PRECOMPILE_PREFIX_HEADER = YES;
				GCC_PREFIX_HEADER = "DemoForPlayer/DemoForPlayer-Prefix.pch";
				INFOPLIST_FILE = "DemoForPlayer/DemoForPlayer-Info.plist";
				IPHONEOS_DEPLOYMENT_TARGET = 6.0;
				PRODUCT_NAME = "$(TARGET_NAME)";
				WRAPPER_EXTENSION = app;
			};
			name = Debug;
		};
		20107F3D18FBB32700641D41 /* Release */ = {
			isa = XCBuildConfiguration;
			buildSettings = {
				ASSETCATALOG_COMPILER_APPICON_NAME = AppIcon;
				ASSETCATALOG_COMPILER_LAUNCHIMAGE_NAME = LaunchImage;
				GCC_PRECOMPILE_PREFIX_HEADER = YES;
				GCC_PREFIX_HEADER = "DemoForPlayer/DemoForPlayer-Prefix.pch";
				INFOPLIST_FILE = "DemoForPlayer/DemoForPlayer-Info.plist";
				IPHONEOS_DEPLOYMENT_TARGET = 6.0;
				PRODUCT_NAME = "$(TARGET_NAME)";
				WRAPPER_EXTENSION = app;
			};
			name = Release;
		};
		20107F3F18FBB32700641D41 /* Debug */ = {
			isa = XCBuildConfiguration;
			buildSettings = {
				BUNDLE_LOADER = "$(BUILT_PRODUCTS_DIR)/DemoForPlayer.app/DemoForPlayer";
				FRAMEWORK_SEARCH_PATHS = (
					"$(SDKROOT)/Developer/Library/Frameworks",
					"$(inherited)",
					"$(DEVELOPER_FRAMEWORKS_DIR)",
				);
				GCC_PRECOMPILE_PREFIX_HEADER = YES;
				GCC_PREFIX_HEADER = "DemoForPlayer/DemoForPlayer-Prefix.pch";
				GCC_PREPROCESSOR_DEFINITIONS = (
					"DEBUG=1",
					"$(inherited)",
				);
				INFOPLIST_FILE = "DemoForPlayerTests/DemoForPlayerTests-Info.plist";
				PRODUCT_NAME = "$(TARGET_NAME)";
				TEST_HOST = "$(BUNDLE_LOADER)";
				WRAPPER_EXTENSION = xctest;
			};
			name = Debug;
		};
		20107F4018FBB32700641D41 /* Release */ = {
			isa = XCBuildConfiguration;
			buildSettings = {
				BUNDLE_LOADER = "$(BUILT_PRODUCTS_DIR)/DemoForPlayer.app/DemoForPlayer";
				FRAMEWORK_SEARCH_PATHS = (
					"$(SDKROOT)/Developer/Library/Frameworks",
					"$(inherited)",
					"$(DEVELOPER_FRAMEWORKS_DIR)",
				);
				GCC_PRECOMPILE_PREFIX_HEADER = YES;
				GCC_PREFIX_HEADER = "DemoForPlayer/DemoForPlayer-Prefix.pch";
				INFOPLIST_FILE = "DemoForPlayerTests/DemoForPlayerTests-Info.plist";
				PRODUCT_NAME = "$(TARGET_NAME)";
				TEST_HOST = "$(BUNDLE_LOADER)";
				WRAPPER_EXTENSION = xctest;
			};
			name = Release;
		};
/* End XCBuildConfiguration section */

/* Begin XCConfigurationList section */
		20107F0A18FBB32700641D41 /* Build configuration list for PBXProject "DemoForPlayer" */ = {
			isa = XCConfigurationList;
			buildConfigurations = (
				20107F3918FBB32700641D41 /* Debug */,
				20107F3A18FBB32700641D41 /* Release */,
			);
			defaultConfigurationIsVisible = 0;
			defaultConfigurationName = Release;
		};
		20107F3B18FBB32700641D41 /* Build configuration list for PBXNativeTarget "DemoForPlayer" */ = {
			isa = XCConfigurationList;
			buildConfigurations = (
				20107F3C18FBB32700641D41 /* Debug */,
				20107F3D18FBB32700641D41 /* Release */,
			);
			defaultConfigurationIsVisible = 0;
			defaultConfigurationName = Release;
		};
		20107F3E18FBB32700641D41 /* Build configuration list for PBXNativeTarget "DemoForPlayerTests" */ = {
			isa = XCConfigurationList;
			buildConfigurations = (
				20107F3F18FBB32700641D41 /* Debug */,
				20107F4018FBB32700641D41 /* Release */,
			);
			defaultConfigurationIsVisible = 0;
			defaultConfigurationName = Release;
		};
/* End XCConfigurationList section */
	};
	rootObject = 20107F0718FBB32700641D41 /* Project object */;
}
